PODS:
  - AFNetworking (2.0.3):
    - AFNetworking/NSURLConnection
    - AFNetworking/NSURLSession
    - AFNetworking/Reachability
    - AFNetworking/Security
    - AFNetworking/Serialization
    - AFNetworking/UIKit
  - AFNetworking/NSURLConnection (2.0.3):
    - AFNetworking/Reachability
    - AFNetworking/Security
    - AFNetworking/Serialization
  - AFNetworking/NSURLSession (2.0.3):
    - AFNetworking/NSURLConnection
  - AFNetworking/Reachability (2.0.3)
  - AFNetworking/Security (2.0.3)
  - AFNetworking/Serialization (2.0.3)
  - AFNetworking/UIKit (2.0.3):
    - AFNetworking/NSURLConnection
  - CocoaAsyncSocket (7.3.3)
  - CocoaHTTPServer (2.3):
    - CocoaAsyncSocket
    - CocoaLumberjack
  - CocoaLumberjack (1.7.0):
    - CocoaLumberjack/Core
    - CocoaLumberjack/Extensions
  - CocoaLumberjack/Core (1.7.0)
  - CocoaLumberjack/Extensions (1.7.0):
    - CocoaLumberjack/Core
  - Facebook-iOS-SDK (3.11.0)
  - iOS-Common (0.0.1):
    - AFNetworking
    - Facebook-iOS-SDK
    - libextobjc/EXTScope
    - TMCache
  - Kiwi/ARC (2.2.3)
  - Kiwi/NonARC (2.2.3)
  - Kiwi/XCTest (2.2.3):
    - Kiwi/ARC
    - Kiwi/NonARC
  - libextobjc/EXTScope (0.3):
    - libextobjc/RuntimeExtensions
  - libextobjc/RuntimeExtensions (0.3)
  - NLTHTTPStubServer (0.4.0):
    - CocoaHTTPServer (>= 2.3)
  - TMCache (1.2.0)

DEPENDENCIES:
  - Facebook-iOS-SDK
  - iOS-Common (from `.`)
  - Kiwi/XCTest
  - NLTHTTPStubServer

EXTERNAL SOURCES:
  iOS-Common:
    :path: .

SPEC CHECKSUMS:
  AFNetworking: e499052cbf3d743e9bb727bb37adb9dc2547ba15
  CocoaAsyncSocket: 50a73b79fb77f0dbb57cdc5c247c8f19e9cb3b33
  CocoaHTTPServer: 7c2fce6617f7fda0e3f4fc34f96e562caa7c7bd8
  CocoaLumberjack: be87113f649942f020a37c061c58009b6ee5ff68
  Facebook-iOS-SDK: 2eb12f9ed04f3d3956f0a4fb0e4e60c824dcd101
  iOS-Common: f7b7bb26a17caf6857f9a5acb6c3f10f0977608c
  Kiwi: 04c51e880831d291748ec702d42c4101f7eb95c9
  libextobjc: 820a79dbbbc498611e04fffd07d2d52a5588e7ac
  NLTHTTPStubServer: 6ed2b40b128c4fcc215352b604fae2f7f99110d2
  TMCache: 4b05e1b124d9f7e8d449640e059cff4cda17ed27

COCOAPODS: 0.28.0
