// !$*UTF8*$!
{
	archiveVersion = 1;
	classes = {
	};
	objectVersion = 46;
	objects = {

/* Begin PBXBuildFile section */
		4A1BD7D9186E8F9B000AE408 /* NSStringTests.m in Sources */ = {isa = PBXBuildFile; fileRef = 4A1BD7D8186E8F9A000AE408 /* NSStringTests.m */; };
		4A1BD7E7186F3605000AE408 /* FacebookViewController.m in Sources */ = {isa = PBXBuildFile; fileRef = 4A1BD7E6186F3605000AE408 /* FacebookViewController.m */; };
		4A1BD7E9186F361C000AE408 /* Storyboard.storyboard in Resources */ = {isa = PBXBuildFile; fileRef = 4A1BD7E8186F361C000AE408 /* Storyboard.storyboard */; };
		4A8C2D1A1865C39600FFE876 /* Foundation.framework in Frameworks */ = {isa = PBXBuildFile; fileRef = 4A8C2D191865C39600FFE876 /* Foundation.framework */; };
		4A8C2D1C1865C39600FFE876 /* CoreGraphics.framework in Frameworks */ = {isa = PBXBuildFile; fileRef = 4A8C2D1B1865C39600FFE876 /* CoreGraphics.framework */; };
		4A8C2D1E1865C39600FFE876 /* UIKit.framework in Frameworks */ = {isa = PBXBuildFile; fileRef = 4A8C2D1D1865C39600FFE876 /* UIKit.framework */; };
		4A8C2D241865C39600FFE876 /* InfoPlist.strings in Resources */ = {isa = PBXBuildFile; fileRef = 4A8C2D221865C39600FFE876 /* InfoPlist.strings */; };
		4A8C2D261865C39600FFE876 /* main.m in Sources */ = {isa = PBXBuildFile; fileRef = 4A8C2D251865C39600FFE876 /* main.m */; };
		4A8C2D2A1865C39600FFE876 /* AppDelegate.m in Sources */ = {isa = PBXBuildFile; fileRef = 4A8C2D291865C39600FFE876 /* AppDelegate.m */; };
		4A8C2D2C1865C39600FFE876 /* Images.xcassets in Resources */ = {isa = PBXBuildFile; fileRef = 4A8C2D2B1865C39600FFE876 /* Images.xcassets */; };
		4A8C2D331865C39600FFE876 /* XCTest.framework in Frameworks */ = {isa = PBXBuildFile; fileRef = 4A8C2D321865C39600FFE876 /* XCTest.framework */; };
		4A8C2D341865C39600FFE876 /* Foundation.framework in Frameworks */ = {isa = PBXBuildFile; fileRef = 4A8C2D191865C39600FFE876 /* Foundation.framework */; };
		4A8C2D351865C39600FFE876 /* UIKit.framework in Frameworks */ = {isa = PBXBuildFile; fileRef = 4A8C2D1D1865C39600FFE876 /* UIKit.framework */; };
		4A8C2D3D1865C39600FFE876 /* InfoPlist.strings in Resources */ = {isa = PBXBuildFile; fileRef = 4A8C2D3B1865C39600FFE876 /* InfoPlist.strings */; };
		870C2260F72F45C880AF8FEB /* libPods.a in Frameworks */ = {isa = PBXBuildFile; fileRef = 6FC69F846E414D27A1F8E434 /* libPods.a */; };
		9A73CD451D7A4679BF9FDD45 /* libPods-iOS-CommonTests.a in Frameworks */ = {isa = PBXBuildFile; fileRef = 517AEA0990AA49399237310F /* libPods-iOS-CommonTests.a */; };
/* End PBXBuildFile section */

/* Begin PBXContainerItemProxy section */
		4A8C2D361865C39600FFE876 /* PBXContainerItemProxy */ = {
			isa = PBXContainerItemProxy;
			containerPortal = 4A8C2D0E1865C39600FFE876 /* Project object */;
			proxyType = 1;
			remoteGlobalIDString = 4A8C2D151865C39600FFE876;
			remoteInfo = "iOS-Common";
		};
/* End PBXContainerItemProxy section */

/* Begin PBXFileReference section */
		4A1BD7D8186E8F9A000AE408 /* NSStringTests.m */ = {isa = PBXFileReference; fileEncoding = 4; lastKnownFileType = sourcecode.c.objc; path = NSStringTests.m; sourceTree = "<group>"; };
		4A1BD7E2186EFFCF000AE408 /* iOS-Common-Info.plist.h */ = {isa = PBXFileReference; lastKnownFileType = sourcecode.c.h; path = "iOS-Common-Info.plist.h"; sourceTree = "<group>"; };
		4A1BD7E3186F3290000AE408 /* Classes */ = {isa = PBXFileReference; lastKnownFileType = folder; path = Classes; sourceTree = "<group>"; };
		4A1BD7E5186F3605000AE408 /* FacebookViewController.h */ = {isa = PBXFileReference; fileEncoding = 4; lastKnownFileType = sourcecode.c.h; path = FacebookViewController.h; sourceTree = "<group>"; };
		4A1BD7E6186F3605000AE408 /* FacebookViewController.m */ = {isa = PBXFileReference; fileEncoding = 4; lastKnownFileType = sourcecode.c.objc; path = FacebookViewController.m; sourceTree = "<group>"; };
		4A1BD7E8186F361C000AE408 /* Storyboard.storyboard */ = {isa = PBXFileReference; fileEncoding = 4; lastKnownFileType = file.storyboard; path = Storyboard.storyboard; sourceTree = "<group>"; };
		4A8C2D161865C39600FFE876 /* iOS-Common.app */ = {isa = PBXFileReference; explicitFileType = wrapper.application; includeInIndex = 0; path = "iOS-Common.app"; sourceTree = BUILT_PRODUCTS_DIR; };
		4A8C2D191865C39600FFE876 /* Foundation.framework */ = {isa = PBXFileReference; lastKnownFileType = wrapper.framework; name = Foundation.framework; path = System/Library/Frameworks/Foundation.framework; sourceTree = SDKROOT; };
		4A8C2D1B1865C39600FFE876 /* CoreGraphics.framework */ = {isa = PBXFileReference; lastKnownFileType = wrapper.framework; name = CoreGraphics.framework; path = System/Library/Frameworks/CoreGraphics.framework; sourceTree = SDKROOT; };
		4A8C2D1D1865C39600FFE876 /* UIKit.framework */ = {isa = PBXFileReference; lastKnownFileType = wrapper.framework; name = UIKit.framework; path = System/Library/Frameworks/UIKit.framework; sourceTree = SDKROOT; };
		4A8C2D211865C39600FFE876 /* iOS-Common-Info.plist */ = {isa = PBXFileReference; lastKnownFileType = text.plist.xml; path = "iOS-Common-Info.plist"; sourceTree = "<group>"; };
		4A8C2D231865C39600FFE876 /* en */ = {isa = PBXFileReference; lastKnownFileType = text.plist.strings; name = en; path = en.lproj/InfoPlist.strings; sourceTree = "<group>"; };
		4A8C2D251865C39600FFE876 /* main.m */ = {isa = PBXFileReference; lastKnownFileType = sourcecode.c.objc; path = main.m; sourceTree = "<group>"; };
		4A8C2D271865C39600FFE876 /* iOS-Common-Prefix.pch */ = {isa = PBXFileReference; lastKnownFileType = sourcecode.c.h; path = "iOS-Common-Prefix.pch"; sourceTree = "<group>"; };
		4A8C2D281865C39600FFE876 /* AppDelegate.h */ = {isa = PBXFileReference; lastKnownFileType = sourcecode.c.h; path = AppDelegate.h; sourceTree = "<group>"; };
		4A8C2D291865C39600FFE876 /* AppDelegate.m */ = {isa = PBXFileReference; lastKnownFileType = sourcecode.c.objc; path = AppDelegate.m; sourceTree = "<group>"; };
		4A8C2D2B1865C39600FFE876 /* Images.xcassets */ = {isa = PBXFileReference; lastKnownFileType = folder.assetcatalog; path = Images.xcassets; sourceTree = "<group>"; };
		4A8C2D311865C39600FFE876 /* iOS-CommonTests.xctest */ = {isa = PBXFileReference; explicitFileType = wrapper.cfbundle; includeInIndex = 0; path = "iOS-CommonTests.xctest"; sourceTree = BUILT_PRODUCTS_DIR; };
		4A8C2D321865C39600FFE876 /* XCTest.framework */ = {isa = PBXFileReference; lastKnownFileType = wrapper.framework; name = XCTest.framework; path = Library/Frameworks/XCTest.framework; sourceTree = DEVELOPER_DIR; };
		4A8C2D3A1865C39600FFE876 /* iOS-CommonTests-Info.plist */ = {isa = PBXFileReference; lastKnownFileType = text.plist.xml; path = "iOS-CommonTests-Info.plist"; sourceTree = "<group>"; };
		4A8C2D3C1865C39600FFE876 /* en */ = {isa = PBXFileReference; lastKnownFileType = text.plist.strings; name = en; path = en.lproj/InfoPlist.strings; sourceTree = "<group>"; };
		4A8C2D791865C48C00FFE876 /* iOS-Common.podspec */ = {isa = PBXFileReference; lastKnownFileType = text; path = "iOS-Common.podspec"; sourceTree = "<group>"; };
		517AEA0990AA49399237310F /* libPods-iOS-CommonTests.a */ = {isa = PBXFileReference; explicitFileType = archive.ar; includeInIndex = 0; path = "libPods-iOS-CommonTests.a"; sourceTree = BUILT_PRODUCTS_DIR; };
		6291CB40D778478D8758B014 /* Pods.xcconfig */ = {isa = PBXFileReference; includeInIndex = 1; lastKnownFileType = text.xcconfig; name = Pods.xcconfig; path = Pods/Pods.xcconfig; sourceTree = "<group>"; };
		6FC69F846E414D27A1F8E434 /* libPods.a */ = {isa = PBXFileReference; explicitFileType = archive.ar; includeInIndex = 0; path = libPods.a; sourceTree = BUILT_PRODUCTS_DIR; };
		B0F9AE7D2F764C0CB00CA810 /* Pods-iOS-CommonTests.xcconfig */ = {isa = PBXFileReference; includeInIndex = 1; lastKnownFileType = text.xcconfig; name = "Pods-iOS-CommonTests.xcconfig"; path = "Pods/Pods-iOS-CommonTests.xcconfig"; sourceTree = "<group>"; };
/* End PBXFileReference section */

/* Begin PBXFrameworksBuildPhase section */
		4A8C2D131865C39600FFE876 /* Frameworks */ = {
			isa = PBXFrameworksBuildPhase;
			buildActionMask = 2147483647;
			files = (
				4A8C2D1C1865C39600FFE876 /* CoreGraphics.framework in Frameworks */,
				4A8C2D1E1865C39600FFE876 /* UIKit.framework in Frameworks */,
				4A8C2D1A1865C39600FFE876 /* Foundation.framework in Frameworks */,
				870C2260F72F45C880AF8FEB /* libPods.a in Frameworks */,
			);
			runOnlyForDeploymentPostprocessing = 0;
		};
		4A8C2D2E1865C39600FFE876 /* Frameworks */ = {
			isa = PBXFrameworksBuildPhase;
			buildActionMask = 2147483647;
			files = (
				4A8C2D331865C39600FFE876 /* XCTest.framework in Frameworks */,
				4A8C2D351865C39600FFE876 /* UIKit.framework in Frameworks */,
				4A8C2D341865C39600FFE876 /* Foundation.framework in Frameworks */,
				9A73CD451D7A4679BF9FDD45 /* libPods-iOS-CommonTests.a in Frameworks */,
			);
			runOnlyForDeploymentPostprocessing = 0;
		};
/* End PBXFrameworksBuildPhase section */

/* Begin PBXGroup section */
		4A1BD7D7186E8F63000AE408 /* CategoriesTests */ = {
			isa = PBXGroup;
			children = (
				4A1BD7D8186E8F9A000AE408 /* NSStringTests.m */,
			);
			name = CategoriesTests;
			sourceTree = "<group>";
		};
		4A1BD7E4186F35B8000AE408 /* ViewControllers */ = {
			isa = PBXGroup;
			children = (
				4A1BD7E5186F3605000AE408 /* FacebookViewController.h */,
				4A1BD7E6186F3605000AE408 /* FacebookViewController.m */,
			);
			name = ViewControllers;
			sourceTree = "<group>";
		};
		4A8C2D0D1865C39600FFE876 = {
			isa = PBXGroup;
			children = (
				4A1BD7E3186F3290000AE408 /* Classes */,
				4A8C2D1F1865C39600FFE876 /* iOS-Common */,
				4A8C2D381865C39600FFE876 /* iOS-CommonTests */,
				4A8C2D181865C39600FFE876 /* Frameworks */,
				4A8C2D171865C39600FFE876 /* Products */,
				4A8C2D791865C48C00FFE876 /* iOS-Common.podspec */,
				6291CB40D778478D8758B014 /* Pods.xcconfig */,
				B0F9AE7D2F764C0CB00CA810 /* Pods-iOS-CommonTests.xcconfig */,
			);
			sourceTree = "<group>";
		};
		4A8C2D171865C39600FFE876 /* Products */ = {
			isa = PBXGroup;
			children = (
				4A8C2D161865C39600FFE876 /* iOS-Common.app */,
				4A8C2D311865C39600FFE876 /* iOS-CommonTests.xctest */,
			);
			name = Products;
			sourceTree = "<group>";
		};
		4A8C2D181865C39600FFE876 /* Frameworks */ = {
			isa = PBXGroup;
			children = (
				4A8C2D191865C39600FFE876 /* Foundation.framework */,
				4A8C2D1B1865C39600FFE876 /* CoreGraphics.framework */,
				4A8C2D1D1865C39600FFE876 /* UIKit.framework */,
				4A8C2D321865C39600FFE876 /* XCTest.framework */,
				6FC69F846E414D27A1F8E434 /* libPods.a */,
				517AEA0990AA49399237310F /* libPods-iOS-CommonTests.a */,
			);
			name = Frameworks;
			sourceTree = "<group>";
		};
		4A8C2D1F1865C39600FFE876 /* iOS-Common */ = {
			isa = PBXGroup;
			children = (
				4A1BD7E4186F35B8000AE408 /* ViewControllers */,
				4A8C2D281865C39600FFE876 /* AppDelegate.h */,
				4A8C2D291865C39600FFE876 /* AppDelegate.m */,
				4A8C2D2B1865C39600FFE876 /* Images.xcassets */,
				4A8C2D201865C39600FFE876 /* Supporting Files */,
				4A1BD7E8186F361C000AE408 /* Storyboard.storyboard */,
			);
			path = "iOS-Common";
			sourceTree = "<group>";
		};
		4A8C2D201865C39600FFE876 /* Supporting Files */ = {
			isa = PBXGroup;
			children = (
				4A1BD7E2186EFFCF000AE408 /* iOS-Common-Info.plist.h */,
				4A8C2D211865C39600FFE876 /* iOS-Common-Info.plist */,
				4A8C2D221865C39600FFE876 /* InfoPlist.strings */,
				4A8C2D251865C39600FFE876 /* main.m */,
				4A8C2D271865C39600FFE876 /* iOS-Common-Prefix.pch */,
			);
			name = "Supporting Files";
			sourceTree = "<group>";
		};
		4A8C2D381865C39600FFE876 /* iOS-CommonTests */ = {
			isa = PBXGroup;
			children = (
				4A1BD7D7186E8F63000AE408 /* CategoriesTests */,
				4A8C2D391865C39600FFE876 /* Supporting Files */,
			);
			path = "iOS-CommonTests";
			sourceTree = "<group>";
		};
		4A8C2D391865C39600FFE876 /* Supporting Files */ = {
			isa = PBXGroup;
			children = (
				4A8C2D3A1865C39600FFE876 /* iOS-CommonTests-Info.plist */,
				4A8C2D3B1865C39600FFE876 /* InfoPlist.strings */,
			);
			name = "Supporting Files";
			sourceTree = "<group>";
		};
/* End PBXGroup section */

/* Begin PBXNativeTarget section */
		4A8C2D151865C39600FFE876 /* iOS-Common */ = {
			isa = PBXNativeTarget;
			buildConfigurationList = 4A8C2D421865C39600FFE876 /* Build configuration list for PBXNativeTarget "iOS-Common" */;
			buildPhases = (
				1DF06FB9597049A789395D9A /* Check Pods Manifest.lock */,
				4A8C2D121865C39600FFE876 /* Sources */,
				4A8C2D131865C39600FFE876 /* Frameworks */,
				4A8C2D141865C39600FFE876 /* Resources */,
				3A4A20635E0E4349A0371ACD /* Copy Pods Resources */,
			);
			buildRules = (
			);
			dependencies = (
			);
			name = "iOS-Common";
			productName = "iOS-Common";
			productReference = 4A8C2D161865C39600FFE876 /* iOS-Common.app */;
			productType = "com.apple.product-type.application";
		};
		4A8C2D301865C39600FFE876 /* iOS-CommonTests */ = {
			isa = PBXNativeTarget;
			buildConfigurationList = 4A8C2D451865C39600FFE876 /* Build configuration list for PBXNativeTarget "iOS-CommonTests" */;
			buildPhases = (
				05FA5F60CD304283AA0FF5D8 /* Check Pods Manifest.lock */,
				4A8C2D2D1865C39600FFE876 /* Sources */,
				4A8C2D2E1865C39600FFE876 /* Frameworks */,
				4A8C2D2F1865C39600FFE876 /* Resources */,
				BF94AA0597844271B1CD9860 /* Copy Pods Resources */,
			);
			buildRules = (
			);
			dependencies = (
				4A8C2D371865C39600FFE876 /* PBXTargetDependency */,
			);
			name = "iOS-CommonTests";
			productName = "iOS-CommonTests";
			productReference = 4A8C2D311865C39600FFE876 /* iOS-CommonTests.xctest */;
			productType = "com.apple.product-type.bundle.unit-test";
		};
/* End PBXNativeTarget section */

/* Begin PBXProject section */
		4A8C2D0E1865C39600FFE876 /* Project object */ = {
			isa = PBXProject;
			attributes = {
				LastUpgradeCheck = 0500;
				ORGANIZATIONNAME = "林 達也";
				TargetAttributes = {
					4A8C2D301865C39600FFE876 = {
						TestTargetID = 4A8C2D151865C39600FFE876;
					};
				};
			};
			buildConfigurationList = 4A8C2D111865C39600FFE876 /* Build configuration list for PBXProject "iOS-Common" */;
			compatibilityVersion = "Xcode 3.2";
			developmentRegion = English;
			hasScannedForEncodings = 0;
			knownRegions = (
				en,
			);
			mainGroup = 4A8C2D0D1865C39600FFE876;
			productRefGroup = 4A8C2D171865C39600FFE876 /* Products */;
			projectDirPath = "";
			projectRoot = "";
			targets = (
				4A8C2D151865C39600FFE876 /* iOS-Common */,
				4A8C2D301865C39600FFE876 /* iOS-CommonTests */,
			);
		};
/* End PBXProject section */

/* Begin PBXResourcesBuildPhase section */
		4A8C2D141865C39600FFE876 /* Resources */ = {
			isa = PBXResourcesBuildPhase;
			buildActionMask = 2147483647;
			files = (
				4A8C2D241865C39600FFE876 /* InfoPlist.strings in Resources */,
				4A8C2D2C1865C39600FFE876 /* Images.xcassets in Resources */,
				4A1BD7E9186F361C000AE408 /* Storyboard.storyboard in Resources */,
			);
			runOnlyForDeploymentPostprocessing = 0;
		};
		4A8C2D2F1865C39600FFE876 /* Resources */ = {
			isa = PBXResourcesBuildPhase;
			buildActionMask = 2147483647;
			files = (
				4A8C2D3D1865C39600FFE876 /* InfoPlist.strings in Resources */,
			);
			runOnlyForDeploymentPostprocessing = 0;
		};
/* End PBXResourcesBuildPhase section */

/* Begin PBXShellScriptBuildPhase section */
		05FA5F60CD304283AA0FF5D8 /* Check Pods Manifest.lock */ = {
			isa = PBXShellScriptBuildPhase;
			buildActionMask = 2147483647;
			files = (
			);
			inputPaths = (
			);
			name = "Check Pods Manifest.lock";
			outputPaths = (
			);
			runOnlyForDeploymentPostprocessing = 0;
			shellPath = /bin/sh;
			shellScript = "diff \"${PODS_ROOT}/../Podfile.lock\" \"${PODS_ROOT}/Manifest.lock\" > /dev/null\nif [[ $? != 0 ]] ; then\n    cat << EOM\nerror: The sandbox is not in sync with the Podfile.lock. Run 'pod install' or update your CocoaPods installation.\nEOM\n    exit 1\nfi\n";
			showEnvVarsInLog = 0;
		};
		1DF06FB9597049A789395D9A /* Check Pods Manifest.lock */ = {
			isa = PBXShellScriptBuildPhase;
			buildActionMask = 2147483647;
			files = (
			);
			inputPaths = (
			);
			name = "Check Pods Manifest.lock";
			outputPaths = (
			);
			runOnlyForDeploymentPostprocessing = 0;
			shellPath = /bin/sh;
			shellScript = "diff \"${PODS_ROOT}/../Podfile.lock\" \"${PODS_ROOT}/Manifest.lock\" > /dev/null\nif [[ $? != 0 ]] ; then\n    cat << EOM\nerror: The sandbox is not in sync with the Podfile.lock. Run 'pod install' or update your CocoaPods installation.\nEOM\n    exit 1\nfi\n";
			showEnvVarsInLog = 0;
		};
		3A4A20635E0E4349A0371ACD /* Copy Pods Resources */ = {
			isa = PBXShellScriptBuildPhase;
			buildActionMask = 2147483647;
			files = (
			);
			inputPaths = (
			);
			name = "Copy Pods Resources";
			outputPaths = (
			);
			runOnlyForDeploymentPostprocessing = 0;
			shellPath = /bin/sh;
			shellScript = "\"${SRCROOT}/Pods/Pods-resources.sh\"\n";
			showEnvVarsInLog = 0;
		};
		BF94AA0597844271B1CD9860 /* Copy Pods Resources */ = {
			isa = PBXShellScriptBuildPhase;
			buildActionMask = 2147483647;
			files = (
			);
			inputPaths = (
			);
			name = "Copy Pods Resources";
			outputPaths = (
			);
			runOnlyForDeploymentPostprocessing = 0;
			shellPath = /bin/sh;
			shellScript = "\"${SRCROOT}/Pods/Pods-iOS-CommonTests-resources.sh\"\n";
			showEnvVarsInLog = 0;
		};
/* End PBXShellScriptBuildPhase section */

/* Begin PBXSourcesBuildPhase section */
		4A8C2D121865C39600FFE876 /* Sources */ = {
			isa = PBXSourcesBuildPhase;
			buildActionMask = 2147483647;
			files = (
				4A1BD7E7186F3605000AE408 /* FacebookViewController.m in Sources */,
				4A8C2D2A1865C39600FFE876 /* AppDelegate.m in Sources */,
				4A8C2D261865C39600FFE876 /* main.m in Sources */,
			);
			runOnlyForDeploymentPostprocessing = 0;
		};
		4A8C2D2D1865C39600FFE876 /* Sources */ = {
			isa = PBXSourcesBuildPhase;
			buildActionMask = 2147483647;
			files = (
				4A1BD7D9186E8F9B000AE408 /* NSStringTests.m in Sources */,
			);
			runOnlyForDeploymentPostprocessing = 0;
		};
/* End PBXSourcesBuildPhase section */

/* Begin PBXTargetDependency section */
		4A8C2D371865C39600FFE876 /* PBXTargetDependency */ = {
			isa = PBXTargetDependency;
			target = 4A8C2D151865C39600FFE876 /* iOS-Common */;
			targetProxy = 4A8C2D361865C39600FFE876 /* PBXContainerItemProxy */;
		};
/* End PBXTargetDependency section */

/* Begin PBXVariantGroup section */
		4A8C2D221865C39600FFE876 /* InfoPlist.strings */ = {
			isa = PBXVariantGroup;
			children = (
				4A8C2D231865C39600FFE876 /* en */,
			);
			name = InfoPlist.strings;
			sourceTree = "<group>";
		};
		4A8C2D3B1865C39600FFE876 /* InfoPlist.strings */ = {
			isa = PBXVariantGroup;
			children = (
				4A8C2D3C1865C39600FFE876 /* en */,
			);
			name = InfoPlist.strings;
			sourceTree = "<group>";
		};
/* End PBXVariantGroup section */

/* Begin XCBuildConfiguration section */
		4A8C2D401865C39600FFE876 /* Debug */ = {
			isa = XCBuildConfiguration;
			buildSettings = {
				ALWAYS_SEARCH_USER_PATHS = NO;
				ARCHS = "$(ARCHS_STANDARD_INCLUDING_64_BIT)";
				CLANG_CXX_LANGUAGE_STANDARD = "gnu++0x";
				CLANG_CXX_LIBRARY = "libc++";
				CLANG_ENABLE_MODULES = YES;
				CLANG_ENABLE_OBJC_ARC = YES;
				CLANG_WARN_BOOL_CONVERSION = YES;
				CLANG_WARN_CONSTANT_CONVERSION = YES;
				CLANG_WARN_DIRECT_OBJC_ISA_USAGE = YES_ERROR;
				CLANG_WARN_EMPTY_BODY = YES;
				CLANG_WARN_ENUM_CONVERSION = YES;
				CLANG_WARN_INT_CONVERSION = YES;
				CLANG_WARN_OBJC_ROOT_CLASS = YES_ERROR;
				CLANG_WARN__DUPLICATE_METHOD_MATCH = YES;
				"CODE_SIGN_IDENTITY[sdk=iphoneos*]" = "iPhone Developer";
				COPY_PHASE_STRIP = NO;
				GCC_C_LANGUAGE_STANDARD = gnu99;
				GCC_DYNAMIC_NO_PIC = NO;
				GCC_OPTIMIZATION_LEVEL = 0;
				GCC_PREPROCESSOR_DEFINITIONS = (
					"DEBUG=1",
					"$(inherited)",
				);
				GCC_SYMBOLS_PRIVATE_EXTERN = NO;
				GCC_WARN_64_TO_32_BIT_CONVERSION = YES;
				GCC_WARN_ABOUT_RETURN_TYPE = YES_ERROR;
				GCC_WARN_UNDECLARED_SELECTOR = YES;
				GCC_WARN_UNINITIALIZED_AUTOS = YES;
				GCC_WARN_UNUSED_FUNCTION = YES;
				GCC_WARN_UNUSED_VARIABLE = YES;
				INFOPLIST_PREFIX_HEADER = "iOS-Common/iOS-Common-Info.plist.h";
				INFOPLIST_PREPROCESS = YES;
				INFOPLIST_PREPROCESSOR_DEFINITIONS = DEBUG;
				IPHONEOS_DEPLOYMENT_TARGET = 7.0;
				ONLY_ACTIVE_ARCH = YES;
				SDKROOT = iphoneos;
				TARGETED_DEVICE_FAMILY = "1,2";
			};
			name = Debug;
		};
		4A8C2D411865C39600FFE876 /* Release */ = {
			isa = XCBuildConfiguration;
			buildSettings = {
				ALWAYS_SEARCH_USER_PATHS = NO;
				ARCHS = "$(ARCHS_STANDARD_INCLUDING_64_BIT)";
				CLANG_CXX_LANGUAGE_STANDARD = "gnu++0x";
				CLANG_CXX_LIBRARY = "libc++";
				CLANG_ENABLE_MODULES = YES;
				CLANG_ENABLE_OBJC_ARC = YES;
				CLANG_WARN_BOOL_CONVERSION = YES;
				CLANG_WARN_CONSTANT_CONVERSION = YES;
				CLANG_WARN_DIRECT_OBJC_ISA_USAGE = YES_ERROR;
				CLANG_WARN_EMPTY_BODY = YES;
				CLANG_WARN_ENUM_CONVERSION = YES;
				CLANG_WARN_INT_CONVERSION = YES;
				CLANG_WARN_OBJC_ROOT_CLASS = YES_ERROR;
				CLANG_WARN__DUPLICATE_METHOD_MATCH = YES;
				"CODE_SIGN_IDENTITY[sdk=iphoneos*]" = "iPhone Developer";
				COPY_PHASE_STRIP = YES;
				ENABLE_NS_ASSERTIONS = NO;
				GCC_C_LANGUAGE_STANDARD = gnu99;
				GCC_WARN_64_TO_32_BIT_CONVERSION = YES;
				GCC_WARN_ABOUT_RETURN_TYPE = YES_ERROR;
				GCC_WARN_UNDECLARED_SELECTOR = YES;
				GCC_WARN_UNINITIALIZED_AUTOS = YES;
				GCC_WARN_UNUSED_FUNCTION = YES;
				GCC_WARN_UNUSED_VARIABLE = YES;
				INFOPLIST_PREFIX_HEADER = "iOS-Common/iOS-Common-Info.plist.h";
				INFOPLIST_PREPROCESS = YES;
				IPHONEOS_DEPLOYMENT_TARGET = 7.0;
				SDKROOT = iphoneos;
				TARGETED_DEVICE_FAMILY = "1,2";
				VALIDATE_PRODUCT = YES;
			};
			name = Release;
		};
		4A8C2D431865C39600FFE876 /* Debug */ = {
			isa = XCBuildConfiguration;
			baseConfigurationReference = 6291CB40D778478D8758B014 /* Pods.xcconfig */;
			buildSettings = {
				ASSETCATALOG_COMPILER_APPICON_NAME = AppIcon;
				ASSETCATALOG_COMPILER_LAUNCHIMAGE_NAME = LaunchImage;
				GCC_PRECOMPILE_PREFIX_HEADER = YES;
				GCC_PREFIX_HEADER = "iOS-Common/iOS-Common-Prefix.pch";
				INFOPLIST_FILE = "iOS-Common/iOS-Common-Info.plist";
				PRODUCT_NAME = "$(TARGET_NAME)";
				WRAPPER_EXTENSION = app;
			};
			name = Debug;
		};
		4A8C2D441865C39600FFE876 /* Release */ = {
			isa = XCBuildConfiguration;
			baseConfigurationReference = 6291CB40D778478D8758B014 /* Pods.xcconfig */;
			buildSettings = {
				ASSETCATALOG_COMPILER_APPICON_NAME = AppIcon;
				ASSETCATALOG_COMPILER_LAUNCHIMAGE_NAME = LaunchImage;
				GCC_PRECOMPILE_PREFIX_HEADER = YES;
				GCC_PREFIX_HEADER = "iOS-Common/iOS-Common-Prefix.pch";
				INFOPLIST_FILE = "iOS-Common/iOS-Common-Info.plist";
				PRODUCT_NAME = "$(TARGET_NAME)";
				WRAPPER_EXTENSION = app;
			};
			name = Release;
		};
		4A8C2D461865C39600FFE876 /* Debug */ = {
			isa = XCBuildConfiguration;
			baseConfigurationReference = B0F9AE7D2F764C0CB00CA810 /* Pods-iOS-CommonTests.xcconfig */;
			buildSettings = {
				ARCHS = "$(ARCHS_STANDARD_INCLUDING_64_BIT)";
				BUNDLE_LOADER = "$(BUILT_PRODUCTS_DIR)/iOS-Common.app/iOS-Common";
				FRAMEWORK_SEARCH_PATHS = (
					"$(SDKROOT)/Developer/Library/Frameworks",
					"$(inherited)",
					"$(DEVELOPER_FRAMEWORKS_DIR)",
				);
				GCC_PRECOMPILE_PREFIX_HEADER = YES;
				GCC_PREFIX_HEADER = "iOS-Common/iOS-Common-Prefix.pch";
				GCC_PREPROCESSOR_DEFINITIONS = (
					"DEBUG=1",
					"$(inherited)",
				);
				INFOPLIST_FILE = "iOS-CommonTests/iOS-CommonTests-Info.plist";
				PRODUCT_NAME = "$(TARGET_NAME)";
				TEST_HOST = "$(BUNDLE_LOADER)";
				WRAPPER_EXTENSION = xctest;
			};
			name = Debug;
		};
		4A8C2D471865C39600FFE876 /* Release */ = {
			isa = XCBuildConfiguration;
			baseConfigurationReference = B0F9AE7D2F764C0CB00CA810 /* Pods-iOS-CommonTests.xcconfig */;
			buildSettings = {
				ARCHS = "$(ARCHS_STANDARD_INCLUDING_64_BIT)";
				BUNDLE_LOADER = "$(BUILT_PRODUCTS_DIR)/iOS-Common.app/iOS-Common";
				FRAMEWORK_SEARCH_PATHS = (
					"$(SDKROOT)/Developer/Library/Frameworks",
					"$(inherited)",
					"$(DEVELOPER_FRAMEWORKS_DIR)",
				);
				GCC_PRECOMPILE_PREFIX_HEADER = YES;
				GCC_PREFIX_HEADER = "iOS-Common/iOS-Common-Prefix.pch";
				INFOPLIST_FILE = "iOS-CommonTests/iOS-CommonTests-Info.plist";
				PRODUCT_NAME = "$(TARGET_NAME)";
				TEST_HOST = "$(BUNDLE_LOADER)";
				WRAPPER_EXTENSION = xctest;
			};
			name = Release;
		};
/* End XCBuildConfiguration section */

/* Begin XCConfigurationList section */
		4A8C2D111865C39600FFE876 /* Build configuration list for PBXProject "iOS-Common" */ = {
			isa = XCConfigurationList;
			buildConfigurations = (
				4A8C2D401865C39600FFE876 /* Debug */,
				4A8C2D411865C39600FFE876 /* Release */,
			);
			defaultConfigurationIsVisible = 0;
			defaultConfigurationName = Release;
		};
		4A8C2D421865C39600FFE876 /* Build configuration list for PBXNativeTarget "iOS-Common" */ = {
			isa = XCConfigurationList;
			buildConfigurations = (
				4A8C2D431865C39600FFE876 /* Debug */,
				4A8C2D441865C39600FFE876 /* Release */,
			);
			defaultConfigurationIsVisible = 0;
			defaultConfigurationName = Release;
		};
		4A8C2D451865C39600FFE876 /* Build configuration list for PBXNativeTarget "iOS-CommonTests" */ = {
			isa = XCConfigurationList;
			buildConfigurations = (
				4A8C2D461865C39600FFE876 /* Debug */,
				4A8C2D471865C39600FFE876 /* Release */,
			);
			defaultConfigurationIsVisible = 0;
			defaultConfigurationName = Release;
		};
/* End XCConfigurationList section */
	};
	rootObject = 4A8C2D0E1865C39600FFE876 /* Project object */;
}
